
Microsoft Visual Studio Solution File, Format Version 12.00
# Visual Studio 15
VisualStudioVersion = 15.0.28307.102
MinimumVisualStudioVersion = 10.0.40219.1
Project("{FAE04EC0-301F-11D3-BF4B-00C04F79EFBC}") = "Accelerator", "Accelerator\Accelerator.csproj", "{7C85AFD8-DA11-498E-901D-909B65DC6ECB}"
EndProject
Global
	GlobalSection(SolutionConfigurationPlatforms) = preSolution
		Debug|Any CPU = Debug|Any CPU
		Release|Any CPU = Release|Any CPU
	EndGlobalSection
	GlobalSection(ProjectConfigurationPlatforms) = postSolution
		{7C85AFD8-DA11-498E-901D-909B65DC6ECB}.Debug|Any CPU.ActiveCfg = Debug|Any CPU
		{7C85AFD8-DA11-498E-901D-909B65DC6ECB}.Debug|Any CPU.Build.0 = Debug|Any CPU
		{7C85AFD8-DA11-498E-901D-909B65DC6ECB}.Release|Any CPU.ActiveCfg = Release|Any CPU
		{7C85AFD8-DA11-498E-901D-909B65DC6ECB}.Release|Any CPU.Build.0 = Release|Any CPU
	EndGlobalSection
	GlobalSection(SolutionProperties) = preSolution
		HideSolutionNode = FALSE
	EndGlobalSection
	GlobalSection(ExtensibilityGlobals) = postSolution
		SolutionGuid = {4107E3A1-DA51-49F8-B1B8-0151A4212A2A}
	EndGlobalSection
EndGlobal
